
Microsoft Visual Studio Solution File, Format Version 12.00
# Visual Studio Version 17
VisualStudioVersion = 17.13.35931.197 d17.13
MinimumVisualStudioVersion = 10.0.40219.1
Project("{FAE04EC0-301F-11D3-BF4B-00C04F79EFBC}") = "MyApp.Api", "MyApp.Api\MyApp.Api.csproj", "{F25C096D-7143-4F2E-AB7B-0F14992AB818}"
EndProject
Project("{FAE04EC0-301F-11D3-BF4B-00C04F79EFBC}") = "MyApp.Mvc", "MyApp.Mvc\MyApp.Mvc.csproj", "{09153A51-F07A-45DE-82E8-FFBFB218D51A}"
EndProject
Global
	GlobalSection(SolutionConfigurationPlatforms) = preSolution
		Debug|Any CPU = Debug|Any CPU
		Release|Any CPU = Release|Any CPU
	EndGlobalSection
	GlobalSection(ProjectConfigurationPlatforms) = postSolution
		{F25C096D-7143-4F2E-AB7B-0F14992AB818}.Debug|Any CPU.ActiveCfg = Debug|Any CPU
		{F25C096D-7143-4F2E-AB7B-0F14992AB818}.Debug|Any CPU.Build.0 = Debug|Any CPU
		{F25C096D-7143-4F2E-AB7B-0F14992AB818}.Release|Any CPU.ActiveCfg = Release|Any CPU
		{F25C096D-7143-4F2E-AB7B-0F14992AB818}.Release|Any CPU.Build.0 = Release|Any CPU
		{09153A51-F07A-45DE-82E8-FFBFB218D51A}.Debug|Any CPU.ActiveCfg = Debug|Any CPU
		{09153A51-F07A-45DE-82E8-FFBFB218D51A}.Debug|Any CPU.Build.0 = Debug|Any CPU
		{09153A51-F07A-45DE-82E8-FFBFB218D51A}.Release|Any CPU.ActiveCfg = Release|Any CPU
		{09153A51-F07A-45DE-82E8-FFBFB218D51A}.Release|Any CPU.Build.0 = Release|Any CPU
	EndGlobalSection
	GlobalSection(SolutionProperties) = preSolution
		HideSolutionNode = FALSE
	EndGlobalSection
	GlobalSection(ExtensibilityGlobals) = postSolution
		SolutionGuid = {660D3425-3026-4CE4-988E-70DCAFDA422A}
	EndGlobalSection
EndGlobal
